
Microsoft Visual Studio Solution File, Format Version 12.00
# Visual Studio Version 17
VisualStudioVersion = 17.3.32901.215
MinimumVisualStudioVersion = 10.0.40219.1
Project("{FAE04EC0-301F-11D3-BF4B-00C04F79EFBC}") = "Programming of linear algorithms", "Programming of linear algorithms\Programming of linear algorithms.csproj", "{3FD35DBD-6889-46FF-B0A7-022B819A0B1D}"
EndProject
Global
	GlobalSection(SolutionConfigurationPlatforms) = preSolution
		Debug|Any CPU = Debug|Any CPU
		Release|Any CPU = Release|Any CPU
	EndGlobalSection
	GlobalSection(ProjectConfigurationPlatforms) = postSolution
		{3FD35DBD-6889-46FF-B0A7-022B819A0B1D}.Debug|Any CPU.ActiveCfg = Debug|Any CPU
		{3FD35DBD-6889-46FF-B0A7-022B819A0B1D}.Debug|Any CPU.Build.0 = Debug|Any CPU
		{3FD35DBD-6889-46FF-B0A7-022B819A0B1D}.Release|Any CPU.ActiveCfg = Release|Any CPU
		{3FD35DBD-6889-46FF-B0A7-022B819A0B1D}.Release|Any CPU.Build.0 = Release|Any CPU
	EndGlobalSection
	GlobalSection(SolutionProperties) = preSolution
		HideSolutionNode = FALSE
	EndGlobalSection
	GlobalSection(ExtensibilityGlobals) = postSolution
		SolutionGuid = {05EEE896-9F0E-455D-9995-A3529A73FAAD}
	EndGlobalSection
EndGlobal
